# This file is generated by running "yarn install" inside your project.
# Manual changes might be lost - proceed with caution!

__metadata:
  version: 8
  cacheKey: 10c0

"is-arrayish@npm:^0.3.0":
  version: 0.3.2
  resolution: "is-arrayish@npm:0.3.2"
  checksum: f59b43dc1d129edb6f0e282595e56477f98c40278a2acdc8b0a5c57097c9eff8fe55470493df5775478cf32a4dc8eaf6d3a749f07ceee5bc263a78b2434f6a54
  languageName: node
  linkType: hard

"isarray@npm:2.0.5":
  version: 2.0.5
  resolution: "isarray@npm:2.0.5"
  checksum: 4199f14a7a13da2177c66c31080008b7124331956f47bca57dd0b6ea9f11687aa25e565a2c7a2b519bc86988d10398e3049a1f5df13c9f6b7664154690ae79fd
  languageName: node
  linkType: hard

"renovate-service@workspace:.":
  version: 0.0.0-use.local
  resolution: "renovate-service@workspace:."
  dependencies:
    is-arrayish: "npm:^0.3.0"
    isarray: "npm:2.0.5"
  languageName: unknown
  linkType: soft
